// !$*UTF8*$!
{
	archiveVersion = 1;
	classes = {
	};
	objectVersion = 46;
	objects = {

/* Begin PBXBuildFile section */
		5258DFE21DB6DFBA00D9A497 /* FlowPID.cpp in Sources */ = {isa = PBXBuildFile; fileRef = 5258DFE11DB6DFBA00D9A497 /* FlowPID.cpp */; };
		52C9D5F91DB6DF6600FE004B /* main.cpp in Sources */ = {isa = PBXBuildFile; fileRef = 52C9D5F81DB6DF6600FE004B /* main.cpp */; };
/* End PBXBuildFile section */

/* Begin PBXCopyFilesBuildPhase section */
		52C9D5F31DB6DF6600FE004B /* CopyFiles */ = {
			isa = PBXCopyFilesBuildPhase;
			buildActionMask = 2147483647;
			dstPath = /usr/share/man/man1/;
			dstSubfolderSpec = 0;
			files = (
			);
			runOnlyForDeploymentPostprocessing = 1;
		};
/* End PBXCopyFilesBuildPhase section */

/* Begin PBXFileReference section */
		5258DFE11DB6DFBA00D9A497 /* FlowPID.cpp */ = {isa = PBXFileReference; fileEncoding = 4; lastKnownFileType = sourcecode.cpp.cpp; path = FlowPID.cpp; sourceTree = "<group>"; };
		5258DFE31DB6DFD200D9A497 /* FlowPID.h */ = {isa = PBXFileReference; lastKnownFileType = sourcecode.c.h; path = FlowPID.h; sourceTree = "<group>"; };
		52C9D5F51DB6DF6600FE004B /* FlowPID */ = {isa = PBXFileReference; explicitFileType = "compiled.mach-o.executable"; includeInIndex = 0; path = FlowPID; sourceTree = BUILT_PRODUCTS_DIR; };
		52C9D5F81DB6DF6600FE004B /* main.cpp */ = {isa = PBXFileReference; lastKnownFileType = sourcecode.cpp.cpp; path = main.cpp; sourceTree = "<group>"; };
/* End PBXFileReference section */

/* Begin PBXFrameworksBuildPhase section */
		52C9D5F21DB6DF6600FE004B /* Frameworks */ = {
			isa = PBXFrameworksBuildPhase;
			buildActionMask = 2147483647;
			files = (
			);
			runOnlyForDeploymentPostprocessing = 0;
		};
/* End PBXFrameworksBuildPhase section */

/* Begin PBXGroup section */
		52C9D5EC1DB6DF6600FE004B = {
			isa = PBXGroup;
			children = (
				52C9D5F71DB6DF6600FE004B /* FlowPID */,
				52C9D5F61DB6DF6600FE004B /* Products */,
			);
			sourceTree = "<group>";
		};
		52C9D5F61DB6DF6600FE004B /* Products */ = {
			isa = PBXGroup;
			children = (
				52C9D5F51DB6DF6600FE004B /* FlowPID */,
			);
			name = Products;
			sourceTree = "<group>";
		};
		52C9D5F71DB6DF6600FE004B /* FlowPID */ = {
			isa = PBXGroup;
			children = (
				52C9D5F81DB6DF6600FE004B /* main.cpp */,
				5258DFE11DB6DFBA00D9A497 /* FlowPID.cpp */,
				5258DFE31DB6DFD200D9A497 /* FlowPID.h */,
			);
			path = FlowPID;
			sourceTree = "<group>";
		};
/* End PBXGroup section */

/* Begin PBXNativeTarget section */
		52C9D5F41DB6DF6600FE004B /* FlowPID */ = {
			isa = PBXNativeTarget;
			buildConfigurationList = 52C9D5FC1DB6DF6600FE004B /* Build configuration list for PBXNativeTarget "FlowPID" */;
			buildPhases = (
				52C9D5F11DB6DF6600FE004B /* Sources */,
				52C9D5F21DB6DF6600FE004B /* Frameworks */,
				52C9D5F31DB6DF6600FE004B /* CopyFiles */,
			);
			buildRules = (
			);
			dependencies = (
			);
			name = FlowPID;
			productName = FlowPID;
			productReference = 52C9D5F51DB6DF6600FE004B /* FlowPID */;
			productType = "com.apple.product-type.tool";
		};
/* End PBXNativeTarget section */

/* Begin PBXProject section */
		52C9D5ED1DB6DF6600FE004B /* Project object */ = {
			isa = PBXProject;
			attributes = {
				LastUpgradeCheck = 0730;
				ORGANIZATIONNAME = Shuchen;
				TargetAttributes = {
					52C9D5F41DB6DF6600FE004B = {
						CreatedOnToolsVersion = 7.3.1;
					};
				};
			};
			buildConfigurationList = 52C9D5F01DB6DF6600FE004B /* Build configuration list for PBXProject "FlowPID" */;
			compatibilityVersion = "Xcode 3.2";
			developmentRegion = English;
			hasScannedForEncodings = 0;
			knownRegions = (
				en,
			);
			mainGroup = 52C9D5EC1DB6DF6600FE004B;
			productRefGroup = 52C9D5F61DB6DF6600FE004B /* Products */;
			projectDirPath = "";
			projectRoot = "";
			targets = (
				52C9D5F41DB6DF6600FE004B /* FlowPID */,
			);
		};
/* End PBXProject section */

/* Begin PBXSourcesBuildPhase section */
		52C9D5F11DB6DF6600FE004B /* Sources */ = {
			isa = PBXSourcesBuildPhase;
			buildActionMask = 2147483647;
			files = (
				52C9D5F91DB6DF6600FE004B /* main.cpp in Sources */,
				5258DFE21DB6DFBA00D9A497 /* FlowPID.cpp in Sources */,
			);
			runOnlyForDeploymentPostprocessing = 0;
		};
/* End PBXSourcesBuildPhase section */

/* Begin XCBuildConfiguration section */
		52C9D5FA1DB6DF6600FE004B /* Debug */ = {
			isa = XCBuildConfiguration;
			buildSettings = {
				ALWAYS_SEARCH_USER_PATHS = NO;
				CLANG_ANALYZER_NONNULL = YES;
				CLANG_CXX_LANGUAGE_STANDARD = "gnu++0x";
				CLANG_CXX_LIBRARY = "libc++";
				CLANG_ENABLE_MODULES = YES;
				CLANG_ENABLE_OBJC_ARC = YES;
				CLANG_WARN_BOOL_CONVERSION = YES;
				CLANG_WARN_CONSTANT_CONVERSION = YES;
				CLANG_WARN_DIRECT_OBJC_ISA_USAGE = YES_ERROR;
				CLANG_WARN_EMPTY_BODY = YES;
				CLANG_WARN_ENUM_CONVERSION = YES;
				CLANG_WARN_INT_CONVERSION = YES;
				CLANG_WARN_OBJC_ROOT_CLASS = YES_ERROR;
				CLANG_WARN_UNREACHABLE_CODE = YES;
				CLANG_WARN__DUPLICATE_METHOD_MATCH = YES;
				CODE_SIGN_IDENTITY = "-";
				COPY_PHASE_STRIP = NO;
				DEBUG_INFORMATION_FORMAT = dwarf;
				ENABLE_STRICT_OBJC_MSGSEND = YES;
				ENABLE_TESTABILITY = YES;
				GCC_C_LANGUAGE_STANDARD = gnu99;
				GCC_DYNAMIC_NO_PIC = NO;
				GCC_NO_COMMON_BLOCKS = YES;
				GCC_OPTIMIZATION_LEVEL = 0;
				GCC_PREPROCESSOR_DEFINITIONS = (
					"DEBUG=1",
					"$(inherited)",
				);
				GCC_WARN_64_TO_32_BIT_CONVERSION = YES;
				GCC_WARN_ABOUT_RETURN_TYPE = YES_ERROR;
				GCC_WARN_UNDECLARED_SELECTOR = YES;
				GCC_WARN_UNINITIALIZED_AUTOS = YES_AGGRESSIVE;
				GCC_WARN_UNUSED_FUNCTION = YES;
				GCC_WARN_UNUSED_VARIABLE = YES;
				HEADER_SEARCH_PATHS = "/Users/SC/Documents/ece445_code/libraries/**";
				MACOSX_DEPLOYMENT_TARGET = 10.12;
				MTL_ENABLE_DEBUG_INFO = YES;
				ONLY_ACTIVE_ARCH = YES;
				SDKROOT = macosx;
			};
			name = Debug;
		};
		52C9D5FB1DB6DF6600FE004B /* Release */ = {
			isa = XCBuildConfiguration;
			buildSettings = {
				ALWAYS_SEARCH_USER_PATHS = NO;
				CLANG_ANALYZER_NONNULL = YES;
				CLANG_CXX_LANGUAGE_STANDARD = "gnu++0x";
				CLANG_CXX_LIBRARY = "libc++";
				CLANG_ENABLE_MODULES = YES;
				CLANG_ENABLE_OBJC_ARC = YES;
				CLANG_WARN_BOOL_CONVERSION = YES;
				CLANG_WARN_CONSTANT_CONVERSION = YES;
				CLANG_WARN_DIRECT_OBJC_ISA_USAGE = YES_ERROR;
				CLANG_WARN_EMPTY_BODY = YES;
				CLANG_WARN_ENUM_CONVERSION = YES;
				CLANG_WARN_INT_CONVERSION = YES;
				CLANG_WARN_OBJC_ROOT_CLASS = YES_ERROR;
				CLANG_WARN_UNREACHABLE_CODE = YES;
				CLANG_WARN__DUPLICATE_METHOD_MATCH = YES;
				CODE_SIGN_IDENTITY = "-";
				COPY_PHASE_STRIP = NO;
				DEBUG_INFORMATION_FORMAT = "dwarf-with-dsym";
				ENABLE_NS_ASSERTIONS = NO;
				ENABLE_STRICT_OBJC_MSGSEND = YES;
				GCC_C_LANGUAGE_STANDARD = gnu99;
				GCC_NO_COMMON_BLOCKS = YES;
				GCC_WARN_64_TO_32_BIT_CONVERSION = YES;
				GCC_WARN_ABOUT_RETURN_TYPE = YES_ERROR;
				GCC_WARN_UNDECLARED_SELECTOR = YES;
				GCC_WARN_UNINITIALIZED_AUTOS = YES_AGGRESSIVE;
				GCC_WARN_UNUSED_FUNCTION = YES;
				GCC_WARN_UNUSED_VARIABLE = YES;
				HEADER_SEARCH_PATHS = "/Users/SC/Documents/ece445_code/libraries/**";
				MACOSX_DEPLOYMENT_TARGET = 10.12;
				MTL_ENABLE_DEBUG_INFO = NO;
				SDKROOT = macosx;
			};
			name = Release;
		};
		52C9D5FD1DB6DF6600FE004B /* Debug */ = {
			isa = XCBuildConfiguration;
			buildSettings = {
				PRODUCT_NAME = "$(TARGET_NAME)";
			};
			name = Debug;
		};
		52C9D5FE1DB6DF6600FE004B /* Release */ = {
			isa = XCBuildConfiguration;
			buildSettings = {
				PRODUCT_NAME = "$(TARGET_NAME)";
			};
			name = Release;
		};
/* End XCBuildConfiguration section */

/* Begin XCConfigurationList section */
		52C9D5F01DB6DF6600FE004B /* Build configuration list for PBXProject "FlowPID" */ = {
			isa = XCConfigurationList;
			buildConfigurations = (
				52C9D5FA1DB6DF6600FE004B /* Debug */,
				52C9D5FB1DB6DF6600FE004B /* Release */,
			);
			defaultConfigurationIsVisible = 0;
			defaultConfigurationName = Release;
		};
		52C9D5FC1DB6DF6600FE004B /* Build configuration list for PBXNativeTarget "FlowPID" */ = {
			isa = XCConfigurationList;
			buildConfigurations = (
				52C9D5FD1DB6DF6600FE004B /* Debug */,
				52C9D5FE1DB6DF6600FE004B /* Release */,
			);
			defaultConfigurationIsVisible = 0;
			defaultConfigurationName = Release;
		};
/* End XCConfigurationList section */
	};
	rootObject = 52C9D5ED1DB6DF6600FE004B /* Project object */;
}
